
Microsoft Visual Studio Solution File, Format Version 12.00
# Visual Studio Version 17
VisualStudioVersion = 17.0.32014.148
MinimumVisualStudioVersion = 10.0.40219.1
Project("{9A19103F-16F7-4668-BE54-9A1E7A4F7556}") = "FirstProject", "CsharpBasic\FirstProject.csproj", "{AC8CFDAC-688A-49F7-B87A-3AD2C597FBC8}"
EndProject
Project("{9A19103F-16F7-4668-BE54-9A1E7A4F7556}") = "Variables", "Variables\Variables.csproj", "{66273332-71B4-43EE-98F8-D0FECCF7FEAB}"
EndProject
Project("{2150E333-8FDC-42A3-9474-1A3956D46DE8}") = "Solution Items", "Solution Items", "{BB2F194C-F67F-453C-A3EB-49E3686888F3}"
	ProjectSection(SolutionItems) = preProject
		.editorconfig = .editorconfig
	EndProjectSection
EndProject
Project("{9A19103F-16F7-4668-BE54-9A1E7A4F7556}") = "Method", "Method\Method.csproj", "{94319059-ACE8-4BD0-BBFA-F790DD92972A}"
EndProject
Project("{9A19103F-16F7-4668-BE54-9A1E7A4F7556}") = "ClassUseageBasic", "ClassUseageBasic\ClassUseageBasic.csproj", "{3ABAD710-FD25-4D96-8C27-7C94DB4811BE}"
EndProject
Project("{9A19103F-16F7-4668-BE54-9A1E7A4F7556}") = "Array", "Array\Array.csproj", "{11A83CB9-37BC-4C74-8FE4-8329172BF005}"
EndProject
Project("{9A19103F-16F7-4668-BE54-9A1E7A4F7556}") = "Array2Dimension", "Array2Dimension\Array2Dimension.csproj", "{508399F7-469C-4C29-BFAD-AAB9C8DC3B13}"
EndProject
Project("{9A19103F-16F7-4668-BE54-9A1E7A4F7556}") = "Operators", "Operators\Operators.csproj", "{7C3DBEB5-9FA4-457D-86A0-4C99EF2A0FDB}"
EndProject
Project("{9A19103F-16F7-4668-BE54-9A1E7A4F7556}") = "Statement_if", "Statement_if\Statement_if.csproj", "{29D790B9-8AEA-4441-899D-808E394E7D63}"
EndProject
Project("{9A19103F-16F7-4668-BE54-9A1E7A4F7556}") = "Statement_Loops", "Statement_Loops\Statement_Loops.csproj", "{CCC97BBD-2D24-4259-BC17-233279724C9A}"
EndProject
Project("{9A19103F-16F7-4668-BE54-9A1E7A4F7556}") = "Statement_SwitchCase", "Statement_SwitchCase\Statement_SwitchCase.csproj", "{0CF46329-DFE8-45CA-8D85-04E343AE153C}"
EndProject
Project("{9A19103F-16F7-4668-BE54-9A1E7A4F7556}") = "Structure", "Structure\Structure.csproj", "{370B54EF-5E11-4789-BB5D-C3C34B4966FE}"
EndProject
Project("{9A19103F-16F7-4668-BE54-9A1E7A4F7556}") = "Example02_HorseRacing", "HorseRacing\Example02_HorseRacing.csproj", "{349DE2F8-C483-4A04-8390-409F85C538D2}"
EndProject
Project("{9A19103F-16F7-4668-BE54-9A1E7A4F7556}") = "ClassInheritanceAndPolymorphism", "ClassPolymorphism\ClassInheritanceAndPolymorphism.csproj", "{EEBCA97B-8AFA-4B07-806D-A961C8F4D2E2}"
EndProject
Project("{9A19103F-16F7-4668-BE54-9A1E7A4F7556}") = "Collections", "Collections\Collections.csproj", "{34FAC431-AD50-4B96-BC96-F8AFD6177146}"
EndProject
Project("{9A19103F-16F7-4668-BE54-9A1E7A4F7556}") = "Example03_DynamicArray", "Example03_DynamicArray\Example03_DynamicArray.csproj", "{9D1DBA98-B7D1-4B49-82B3-2C96C1B1BA09}"
EndProject
Project("{9A19103F-16F7-4668-BE54-9A1E7A4F7556}") = "Example04_MyLinkedList", "Example04_MyLinkedList\Example04_MyLinkedList.csproj", "{46D38E86-941C-43C2-B2BA-2CC0B2809171}"
EndProject
Project("{9A19103F-16F7-4668-BE54-9A1E7A4F7556}") = "Example05_MyHashtable", "Example05_MyHashtable\Example05_MyHashtable.csproj", "{426E6B44-43D7-4B42-83B4-1C1D23AE290D}"
EndProject
Project("{FAE04EC0-301F-11D3-BF4B-00C04F79EFBC}") = "Example06_RollADice", "Example06_DiceGame\Example06_RollADice.csproj", "{4049DA60-88AE-4554-B4AC-10FB6F828B48}"
EndProject
Global
	GlobalSection(SolutionConfigurationPlatforms) = preSolution
		Debug|Any CPU = Debug|Any CPU
		Release|Any CPU = Release|Any CPU
	EndGlobalSection
	GlobalSection(ProjectConfigurationPlatforms) = postSolution
		{AC8CFDAC-688A-49F7-B87A-3AD2C597FBC8}.Debug|Any CPU.ActiveCfg = Debug|Any CPU
		{AC8CFDAC-688A-49F7-B87A-3AD2C597FBC8}.Debug|Any CPU.Build.0 = Debug|Any CPU
		{AC8CFDAC-688A-49F7-B87A-3AD2C597FBC8}.Release|Any CPU.ActiveCfg = Release|Any CPU
		{AC8CFDAC-688A-49F7-B87A-3AD2C597FBC8}.Release|Any CPU.Build.0 = Release|Any CPU
		{66273332-71B4-43EE-98F8-D0FECCF7FEAB}.Debug|Any CPU.ActiveCfg = Debug|Any CPU
		{66273332-71B4-43EE-98F8-D0FECCF7FEAB}.Debug|Any CPU.Build.0 = Debug|Any CPU
		{66273332-71B4-43EE-98F8-D0FECCF7FEAB}.Release|Any CPU.ActiveCfg = Release|Any CPU
		{66273332-71B4-43EE-98F8-D0FECCF7FEAB}.Release|Any CPU.Build.0 = Release|Any CPU
		{94319059-ACE8-4BD0-BBFA-F790DD92972A}.Debug|Any CPU.ActiveCfg = Debug|Any CPU
		{94319059-ACE8-4BD0-BBFA-F790DD92972A}.Debug|Any CPU.Build.0 = Debug|Any CPU
		{94319059-ACE8-4BD0-BBFA-F790DD92972A}.Release|Any CPU.ActiveCfg = Release|Any CPU
		{94319059-ACE8-4BD0-BBFA-F790DD92972A}.Release|Any CPU.Build.0 = Release|Any CPU
		{3ABAD710-FD25-4D96-8C27-7C94DB4811BE}.Debug|Any CPU.ActiveCfg = Debug|Any CPU
		{3ABAD710-FD25-4D96-8C27-7C94DB4811BE}.Debug|Any CPU.Build.0 = Debug|Any CPU
		{3ABAD710-FD25-4D96-8C27-7C94DB4811BE}.Release|Any CPU.ActiveCfg = Release|Any CPU
		{3ABAD710-FD25-4D96-8C27-7C94DB4811BE}.Release|Any CPU.Build.0 = Release|Any CPU
		{11A83CB9-37BC-4C74-8FE4-8329172BF005}.Debug|Any CPU.ActiveCfg = Debug|Any CPU
		{11A83CB9-37BC-4C74-8FE4-8329172BF005}.Debug|Any CPU.Build.0 = Debug|Any CPU
		{11A83CB9-37BC-4C74-8FE4-8329172BF005}.Release|Any CPU.ActiveCfg = Release|Any CPU
		{11A83CB9-37BC-4C74-8FE4-8329172BF005}.Release|Any CPU.Build.0 = Release|Any CPU
		{508399F7-469C-4C29-BFAD-AAB9C8DC3B13}.Debug|Any CPU.ActiveCfg = Debug|Any CPU
		{508399F7-469C-4C29-BFAD-AAB9C8DC3B13}.Debug|Any CPU.Build.0 = Debug|Any CPU
		{508399F7-469C-4C29-BFAD-AAB9C8DC3B13}.Release|Any CPU.ActiveCfg = Release|Any CPU
		{508399F7-469C-4C29-BFAD-AAB9C8DC3B13}.Release|Any CPU.Build.0 = Release|Any CPU
		{7C3DBEB5-9FA4-457D-86A0-4C99EF2A0FDB}.Debug|Any CPU.ActiveCfg = Debug|Any CPU
		{7C3DBEB5-9FA4-457D-86A0-4C99EF2A0FDB}.Debug|Any CPU.Build.0 = Debug|Any CPU
		{7C3DBEB5-9FA4-457D-86A0-4C99EF2A0FDB}.Release|Any CPU.ActiveCfg = Release|Any CPU
		{7C3DBEB5-9FA4-457D-86A0-4C99EF2A0FDB}.Release|Any CPU.Build.0 = Release|Any CPU
		{29D790B9-8AEA-4441-899D-808E394E7D63}.Debug|Any CPU.ActiveCfg = Debug|Any CPU
		{29D790B9-8AEA-4441-899D-808E394E7D63}.Debug|Any CPU.Build.0 = Debug|Any CPU
		{29D790B9-8AEA-4441-899D-808E394E7D63}.Release|Any CPU.ActiveCfg = Release|Any CPU
		{29D790B9-8AEA-4441-899D-808E394E7D63}.Release|Any CPU.Build.0 = Release|Any CPU
		{CCC97BBD-2D24-4259-BC17-233279724C9A}.Debug|Any CPU.ActiveCfg = Debug|Any CPU
		{CCC97BBD-2D24-4259-BC17-233279724C9A}.Debug|Any CPU.Build.0 = Debug|Any CPU
		{CCC97BBD-2D24-4259-BC17-233279724C9A}.Release|Any CPU.ActiveCfg = Release|Any CPU
		{CCC97BBD-2D24-4259-BC17-233279724C9A}.Release|Any CPU.Build.0 = Release|Any CPU
		{0CF46329-DFE8-45CA-8D85-04E343AE153C}.Debug|Any CPU.ActiveCfg = Debug|Any CPU
		{0CF46329-DFE8-45CA-8D85-04E343AE153C}.Debug|Any CPU.Build.0 = Debug|Any CPU
		{0CF46329-DFE8-45CA-8D85-04E343AE153C}.Release|Any CPU.ActiveCfg = Release|Any CPU
		{0CF46329-DFE8-45CA-8D85-04E343AE153C}.Release|Any CPU.Build.0 = Release|Any CPU
		{370B54EF-5E11-4789-BB5D-C3C34B4966FE}.Debug|Any CPU.ActiveCfg = Debug|Any CPU
		{370B54EF-5E11-4789-BB5D-C3C34B4966FE}.Debug|Any CPU.Build.0 = Debug|Any CPU
		{370B54EF-5E11-4789-BB5D-C3C34B4966FE}.Release|Any CPU.ActiveCfg = Release|Any CPU
		{370B54EF-5E11-4789-BB5D-C3C34B4966FE}.Release|Any CPU.Build.0 = Release|Any CPU
		{349DE2F8-C483-4A04-8390-409F85C538D2}.Debug|Any CPU.ActiveCfg = Debug|Any CPU
		{349DE2F8-C483-4A04-8390-409F85C538D2}.Debug|Any CPU.Build.0 = Debug|Any CPU
		{349DE2F8-C483-4A04-8390-409F85C538D2}.Release|Any CPU.ActiveCfg = Release|Any CPU
		{349DE2F8-C483-4A04-8390-409F85C538D2}.Release|Any CPU.Build.0 = Release|Any CPU
		{EEBCA97B-8AFA-4B07-806D-A961C8F4D2E2}.Debug|Any CPU.ActiveCfg = Debug|Any CPU
		{EEBCA97B-8AFA-4B07-806D-A961C8F4D2E2}.Debug|Any CPU.Build.0 = Debug|Any CPU
		{EEBCA97B-8AFA-4B07-806D-A961C8F4D2E2}.Release|Any CPU.ActiveCfg = Release|Any CPU
		{EEBCA97B-8AFA-4B07-806D-A961C8F4D2E2}.Release|Any CPU.Build.0 = Release|Any CPU
		{34FAC431-AD50-4B96-BC96-F8AFD6177146}.Debug|Any CPU.ActiveCfg = Debug|Any CPU
		{34FAC431-AD50-4B96-BC96-F8AFD6177146}.Debug|Any CPU.Build.0 = Debug|Any CPU
		{34FAC431-AD50-4B96-BC96-F8AFD6177146}.Release|Any CPU.ActiveCfg = Release|Any CPU
		{34FAC431-AD50-4B96-BC96-F8AFD6177146}.Release|Any CPU.Build.0 = Release|Any CPU
		{9D1DBA98-B7D1-4B49-82B3-2C96C1B1BA09}.Debug|Any CPU.ActiveCfg = Debug|Any CPU
		{9D1DBA98-B7D1-4B49-82B3-2C96C1B1BA09}.Debug|Any CPU.Build.0 = Debug|Any CPU
		{9D1DBA98-B7D1-4B49-82B3-2C96C1B1BA09}.Release|Any CPU.ActiveCfg = Release|Any CPU
		{9D1DBA98-B7D1-4B49-82B3-2C96C1B1BA09}.Release|Any CPU.Build.0 = Release|Any CPU
		{46D38E86-941C-43C2-B2BA-2CC0B2809171}.Debug|Any CPU.ActiveCfg = Debug|Any CPU
		{46D38E86-941C-43C2-B2BA-2CC0B2809171}.Debug|Any CPU.Build.0 = Debug|Any CPU
		{46D38E86-941C-43C2-B2BA-2CC0B2809171}.Release|Any CPU.ActiveCfg = Release|Any CPU
		{46D38E86-941C-43C2-B2BA-2CC0B2809171}.Release|Any CPU.Build.0 = Release|Any CPU
		{426E6B44-43D7-4B42-83B4-1C1D23AE290D}.Debug|Any CPU.ActiveCfg = Debug|Any CPU
		{426E6B44-43D7-4B42-83B4-1C1D23AE290D}.Debug|Any CPU.Build.0 = Debug|Any CPU
		{426E6B44-43D7-4B42-83B4-1C1D23AE290D}.Release|Any CPU.ActiveCfg = Release|Any CPU
		{426E6B44-43D7-4B42-83B4-1C1D23AE290D}.Release|Any CPU.Build.0 = Release|Any CPU
		{4049DA60-88AE-4554-B4AC-10FB6F828B48}.Debug|Any CPU.ActiveCfg = Debug|Any CPU
		{4049DA60-88AE-4554-B4AC-10FB6F828B48}.Debug|Any CPU.Build.0 = Debug|Any CPU
		{4049DA60-88AE-4554-B4AC-10FB6F828B48}.Release|Any CPU.ActiveCfg = Release|Any CPU
		{4049DA60-88AE-4554-B4AC-10FB6F828B48}.Release|Any CPU.Build.0 = Release|Any CPU
	EndGlobalSection
	GlobalSection(SolutionProperties) = preSolution
		HideSolutionNode = FALSE
	EndGlobalSection
	GlobalSection(ExtensibilityGlobals) = postSolution
		SolutionGuid = {52396DBB-D222-403C-9CD0-693C7599D69B}
	EndGlobalSection
EndGlobal
